Microsoft Visual Studio Solution File, Format Version 11.00
# Visual Studio 2008

Project("{D916AC3E-1904-062C-BB58-6E7013DAED77}") = "Masiakasaurus test", "Assembly-CSharp-firstpass.csproj", "{3C136DE1-6F03-F88F-5E34-8546055D72FF}"
EndProject
Project("{D916AC3E-1904-062C-BB58-6E7013DAED77}") = "Masiakasaurus test", "Assembly-CSharp.csproj", "{E285F53C-A4A2-0AD5-08E6-6B98ECC2AFF5}"
EndProject
Project("{D916AC3E-1904-062C-BB58-6E7013DAED77}") = "Masiakasaurus test", "Assembly-CSharp-Editor.csproj", "{33F7DE45-8BC2-0AC8-C6D6-00FE4DA62E2A}"
EndProject
Global
	GlobalSection(SolutionConfigurationPlatforms) = preSolution
		Debug|Any CPU = Debug|Any CPU
		Release|Any CPU = Release|Any CPU
	EndGlobalSection
	GlobalSection(ProjectConfigurationPlatforms) = postSolution
		{3C136DE1-6F03-F88F-5E34-8546055D72FF}.Debug|Any CPU.ActiveCfg = Debug|Any CPU
		{3C136DE1-6F03-F88F-5E34-8546055D72FF}.Debug|Any CPU.Build.0 = Debug|Any CPU
		{3C136DE1-6F03-F88F-5E34-8546055D72FF}.Release|Any CPU.ActiveCfg = Release|Any CPU
		{3C136DE1-6F03-F88F-5E34-8546055D72FF}.Release|Any CPU.Build.0 = Release|Any CPU
		{E285F53C-A4A2-0AD5-08E6-6B98ECC2AFF5}.Debug|Any CPU.ActiveCfg = Debug|Any CPU
		{E285F53C-A4A2-0AD5-08E6-6B98ECC2AFF5}.Debug|Any CPU.Build.0 = Debug|Any CPU
		{E285F53C-A4A2-0AD5-08E6-6B98ECC2AFF5}.Release|Any CPU.ActiveCfg = Release|Any CPU
		{E285F53C-A4A2-0AD5-08E6-6B98ECC2AFF5}.Release|Any CPU.Build.0 = Release|Any CPU
		{33F7DE45-8BC2-0AC8-C6D6-00FE4DA62E2A}.Debug|Any CPU.ActiveCfg = Debug|Any CPU
		{33F7DE45-8BC2-0AC8-C6D6-00FE4DA62E2A}.Debug|Any CPU.Build.0 = Debug|Any CPU
		{33F7DE45-8BC2-0AC8-C6D6-00FE4DA62E2A}.Release|Any CPU.ActiveCfg = Release|Any CPU
		{33F7DE45-8BC2-0AC8-C6D6-00FE4DA62E2A}.Release|Any CPU.Build.0 = Release|Any CPU
	EndGlobalSection
	GlobalSection(SolutionProperties) = preSolution
		HideSolutionNode = FALSE
	EndGlobalSection
	GlobalSection(MonoDevelopProperties) = preSolution
		StartupItem = Assembly-CSharp.csproj
	EndGlobalSection
EndGlobal
